
Microsoft Visual Studio Solution File, Format Version 12.00
# Visual Studio 2013
VisualStudioVersion = 12.0.30110.0
MinimumVisualStudioVersion = 10.0.40219.1
Project("{E24C65DC-7377-472B-9ABA-BC803B73C61A}") = "MobileApp", "http://localhost:61699", "{EA5DD15F-DEA3-428F-B745-AD324AFA26F1}"
	ProjectSection(WebsiteProperties) = preProject
		UseIISExpress = "true"
		TargetFrameworkMoniker = ".NETFramework,Version%3Dv4.0"
		Debug.AspNetCompiler.VirtualPath = "/localhost_61699"
		Debug.AspNetCompiler.PhysicalPath = "D:\LBcustinput\Qzine\SVN\trunk\MobileApp\"
		Debug.AspNetCompiler.TargetPath = "PrecompiledWeb\localhost_61699\"
		Debug.AspNetCompiler.Updateable = "true"
		Debug.AspNetCompiler.ForceOverwrite = "true"
		Debug.AspNetCompiler.FixedNames = "false"
		Debug.AspNetCompiler.Debug = "True"
		Release.AspNetCompiler.VirtualPath = "/localhost_61699"
		Release.AspNetCompiler.PhysicalPath = "D:\LBcustinput\Qzine\SVN\trunk\MobileApp\"
		Release.AspNetCompiler.TargetPath = "PrecompiledWeb\localhost_61699\"
		Release.AspNetCompiler.Updateable = "true"
		Release.AspNetCompiler.ForceOverwrite = "true"
		Release.AspNetCompiler.FixedNames = "false"
		Release.AspNetCompiler.Debug = "False"
		SlnRelativePath = "D:\LBcustinput\Qzine\SVN\trunk\MobileApp\"
	EndProjectSection
EndProject
Global
	GlobalSection(SolutionConfigurationPlatforms) = preSolution
		Debug|Any CPU = Debug|Any CPU
	EndGlobalSection
	GlobalSection(ProjectConfigurationPlatforms) = postSolution
		{EA5DD15F-DEA3-428F-B745-AD324AFA26F1}.Debug|Any CPU.ActiveCfg = Debug|Any CPU
		{EA5DD15F-DEA3-428F-B745-AD324AFA26F1}.Debug|Any CPU.Build.0 = Debug|Any CPU
	EndGlobalSection
	GlobalSection(SolutionProperties) = preSolution
		HideSolutionNode = FALSE
	EndGlobalSection
EndGlobal
